
Microsoft Visual Studio Solution File, Format Version 12.00
# Visual Studio Version 17
VisualStudioVersion = 17.2.32519.379
MinimumVisualStudioVersion = 10.0.40219.1
Project("{FAE04EC0-301F-11D3-BF4B-00C04F79EFBC}") = "UnderstandingDesignPatternApp", "UnderstandingDesignPatternApp\UnderstandingDesignPatternApp.csproj", "{7FF239F6-6AC9-48E0-908F-182C9541BCAB}"
EndProject
Global
	GlobalSection(SolutionConfigurationPlatforms) = preSolution
		Debug|Any CPU = Debug|Any CPU
		Release|Any CPU = Release|Any CPU
	EndGlobalSection
	GlobalSection(ProjectConfigurationPlatforms) = postSolution
		{7FF239F6-6AC9-48E0-908F-182C9541BCAB}.Debug|Any CPU.ActiveCfg = Debug|Any CPU
		{7FF239F6-6AC9-48E0-908F-182C9541BCAB}.Debug|Any CPU.Build.0 = Debug|Any CPU
		{7FF239F6-6AC9-48E0-908F-182C9541BCAB}.Release|Any CPU.ActiveCfg = Release|Any CPU
		{7FF239F6-6AC9-48E0-908F-182C9541BCAB}.Release|Any CPU.Build.0 = Release|Any CPU
	EndGlobalSection
	GlobalSection(SolutionProperties) = preSolution
		HideSolutionNode = FALSE
	EndGlobalSection
	GlobalSection(ExtensibilityGlobals) = postSolution
		SolutionGuid = {5F0066AF-0342-4925-ADB2-DE5A0753C04B}
	EndGlobalSection
EndGlobal
