
Microsoft Visual Studio Solution File, Format Version 12.00
# Visual Studio Version 16
VisualStudioVersion = 16.0.32510.428
MinimumVisualStudioVersion = 10.0.40219.1
Project("{9A19103F-16F7-4668-BE54-9A1E7A4F7556}") = "MyConsoleApp", "MyConsoleApp.csproj", "{90DB15E0-95BA-4655-9FAB-E8EAEAB1CCC6}"
EndProject
Global
	GlobalSection(SolutionConfigurationPlatforms) = preSolution
		Debug|Any CPU = Debug|Any CPU
		Release|Any CPU = Release|Any CPU
	EndGlobalSection
	GlobalSection(ProjectConfigurationPlatforms) = postSolution
		{90DB15E0-95BA-4655-9FAB-E8EAEAB1CCC6}.Debug|Any CPU.ActiveCfg = Debug|Any CPU
		{90DB15E0-95BA-4655-9FAB-E8EAEAB1CCC6}.Debug|Any CPU.Build.0 = Debug|Any CPU
		{90DB15E0-95BA-4655-9FAB-E8EAEAB1CCC6}.Release|Any CPU.ActiveCfg = Release|Any CPU
		{90DB15E0-95BA-4655-9FAB-E8EAEAB1CCC6}.Release|Any CPU.Build.0 = Release|Any CPU
	EndGlobalSection
	GlobalSection(SolutionProperties) = preSolution
		HideSolutionNode = FALSE
	EndGlobalSection
	GlobalSection(ExtensibilityGlobals) = postSolution
		SolutionGuid = {0AD9F512-722B-4F73-9A7F-B20938FA676C}
	EndGlobalSection
EndGlobal
